{
  "name": "ajs-alexdm-use",
  "version": "1.0.0",
  "lockfileVersion": 2,
  "requires": true,
  "packages": {
    "": {
      "name": "ajs-alexdm-use",
      "version": "1.0.0",
      "license": "ISC",
      "dependencies": {
        "@alekseyad/ajs-alexdm": "^1.0.0"
      }
    },
    "node_modules/@alekseyad/ajs-alexdm": {
      "version": "1.0.0",
      "resolved": "https://npm.pkg.github.com/download/@alekseyad/ajs-alexdm/1.0.0/4843684a6ec64963981c07ceb2a1f26da4a17981",
      "integrity": "sha512-eMXc8PNUbtUaIP4lhmmNDJysMBbOAmUMEcytwoI64ek7fGO1Yl7sXM5Z/mUu+b94aX8MzwXYK26F/4K7kEHl9g==",
      "license": "ISC"
    }
  },
  "dependencies": {
    "@alekseyad/ajs-alexdm": {
      "version": "1.0.0",
      "resolved": "https://npm.pkg.github.com/download/@alekseyad/ajs-alexdm/1.0.0/4843684a6ec64963981c07ceb2a1f26da4a17981",
      "integrity": "sha512-eMXc8PNUbtUaIP4lhmmNDJysMBbOAmUMEcytwoI64ek7fGO1Yl7sXM5Z/mUu+b94aX8MzwXYK26F/4K7kEHl9g=="
    }
  }
}
